
Microsoft Visual Studio Solution File, Format Version 12.00
# Visual Studio Version 17
VisualStudioVersion = 17.3.32922.545
MinimumVisualStudioVersion = 10.0.40219.1
Project("{9A19103F-16F7-4668-BE54-9A1E7A4F7556}") = "Web_Api_Lesson1", "Web_Api_Lesson1\Web_Api_Lesson1.csproj", "{2C6BACB6-60D8-4737-8097-3736E71B49F8}"
EndProject
Project("{9A19103F-16F7-4668-BE54-9A1E7A4F7556}") = "Data", "Data\Data.csproj", "{15430790-82CD-4C6F-B617-CDE1C3C0C8EB}"
EndProject
Project("{FAE04EC0-301F-11D3-BF4B-00C04F79EFBC}") = "BusinessLogic", "BusinessLogic\BusinessLogic.csproj", "{C785B1B9-CAC5-49B4-86B6-AD68C9371EBC}"
EndProject
Global
	GlobalSection(SolutionConfigurationPlatforms) = preSolution
		Debug|Any CPU = Debug|Any CPU
		Release|Any CPU = Release|Any CPU
	EndGlobalSection
	GlobalSection(ProjectConfigurationPlatforms) = postSolution
		{2C6BACB6-60D8-4737-8097-3736E71B49F8}.Debug|Any CPU.ActiveCfg = Debug|Any CPU
		{2C6BACB6-60D8-4737-8097-3736E71B49F8}.Debug|Any CPU.Build.0 = Debug|Any CPU
		{2C6BACB6-60D8-4737-8097-3736E71B49F8}.Release|Any CPU.ActiveCfg = Release|Any CPU
		{2C6BACB6-60D8-4737-8097-3736E71B49F8}.Release|Any CPU.Build.0 = Release|Any CPU
		{15430790-82CD-4C6F-B617-CDE1C3C0C8EB}.Debug|Any CPU.ActiveCfg = Debug|Any CPU
		{15430790-82CD-4C6F-B617-CDE1C3C0C8EB}.Debug|Any CPU.Build.0 = Debug|Any CPU
		{15430790-82CD-4C6F-B617-CDE1C3C0C8EB}.Release|Any CPU.ActiveCfg = Release|Any CPU
		{15430790-82CD-4C6F-B617-CDE1C3C0C8EB}.Release|Any CPU.Build.0 = Release|Any CPU
		{C785B1B9-CAC5-49B4-86B6-AD68C9371EBC}.Debug|Any CPU.ActiveCfg = Debug|Any CPU
		{C785B1B9-CAC5-49B4-86B6-AD68C9371EBC}.Debug|Any CPU.Build.0 = Debug|Any CPU
		{C785B1B9-CAC5-49B4-86B6-AD68C9371EBC}.Release|Any CPU.ActiveCfg = Release|Any CPU
		{C785B1B9-CAC5-49B4-86B6-AD68C9371EBC}.Release|Any CPU.Build.0 = Release|Any CPU
	EndGlobalSection
	GlobalSection(SolutionProperties) = preSolution
		HideSolutionNode = FALSE
	EndGlobalSection
	GlobalSection(ExtensibilityGlobals) = postSolution
		SolutionGuid = {ACB06A6C-A556-4263-8336-D3C642835F80}
	EndGlobalSection
EndGlobal
